
Microsoft Visual Studio Solution File, Format Version 12.00
# Visual Studio Version 17
VisualStudioVersion = 17.11.35431.28
MinimumVisualStudioVersion = 10.0.40219.1
Project("{2150E333-8FDC-42A3-9474-1A3956D46DE8}") = "Task0", "Task0", "{DC6DCB86-9BCD-4E4B-B5D6-ABC7120803DB}"
EndProject
Project("{9A19103F-16F7-4668-BE54-9A1E7A4F7556}") = "Tyuiu.OvsepyanAA.Sprint6.Task0.V1.Lib", "Tyuiu.OvsepyanAA.Sprint6.Task0.V1.Lib\Tyuiu.OvsepyanAA.Sprint6.Task0.V1.Lib.csproj", "{84AA5BD5-6EFC-4FF6-8AE9-CC6CDF56963F}"
EndProject
Project("{9A19103F-16F7-4668-BE54-9A1E7A4F7556}") = "Tyuiu.OvsepyanAA.Sprint6.Task0.V1.Test", "Tyuiu.OvsepyanAA.Sprint6.Task0.V1.Test\Tyuiu.OvsepyanAA.Sprint6.Task0.V1.Test.csproj", "{D07F595D-6324-4872-8CF5-6CA8A36B9F50}"
EndProject
Project("{9A19103F-16F7-4668-BE54-9A1E7A4F7556}") = "Tyuiu.OvsepyanAA.Sprint6.Task0.V1", "Tyuiu.OvsepyanAA.Sprint6.Task0.V1\Tyuiu.OvsepyanAA.Sprint6.Task0.V1.csproj", "{DC13D6FF-B6D1-4498-8767-8A5BDB0A2542}"
EndProject
Project("{2150E333-8FDC-42A3-9474-1A3956D46DE8}") = "Task1", "Task1", "{E5239724-45D6-4520-9D53-4A045FDAC169}"
EndProject
Project("{9A19103F-16F7-4668-BE54-9A1E7A4F7556}") = "Tyuiu.OvsepyanAA.Sprint6.Task1.V30.Lib", "Tyuiu.OvsepyanAA.Sprint6.Task1.V30.Lib\Tyuiu.OvsepyanAA.Sprint6.Task1.V30.Lib.csproj", "{82D37146-714E-444C-921F-4C393B635F96}"
EndProject
Project("{9A19103F-16F7-4668-BE54-9A1E7A4F7556}") = "Tyuiu.OvsepyanAA.Sprint6.Task1.V30.Test", "Tyuiu.OvsepyanAA.Sprint6.Task1.V30.Test\Tyuiu.OvsepyanAA.Sprint6.Task1.V30.Test.csproj", "{41CF6026-7D16-4CA5-A5C3-B2E3953A43FA}"
EndProject
Project("{9A19103F-16F7-4668-BE54-9A1E7A4F7556}") = "Tyuiu.OvsepyanAA.Sprint6.Task1.V30", "Tyuiu.OvsepyanAA.Sprint6.Task1.V30\Tyuiu.OvsepyanAA.Sprint6.Task1.V30.csproj", "{96766EAB-58CC-4D47-BF0F-B511679B3A59}"
EndProject
Project("{2150E333-8FDC-42A3-9474-1A3956D46DE8}") = "Task2", "Task2", "{94AE09FA-09F5-432C-B9DF-F06B34163A30}"
EndProject
Project("{9A19103F-16F7-4668-BE54-9A1E7A4F7556}") = "Tyuiu.OvsepyanAA.Sprint6.Task2.V22.Lib", "Tyuiu.OvsepyanAA.Sprint6.Task2.V22.Lib\Tyuiu.OvsepyanAA.Sprint6.Task2.V22.Lib.csproj", "{C5D0CDC7-30C7-49E4-BA11-76106AEBFA61}"
EndProject
Project("{9A19103F-16F7-4668-BE54-9A1E7A4F7556}") = "Tyuiu.OvsepyanAA.Sprint6.Task2.V22.Test", "Tyuiu.OvsepyanAA.Sprint6.Task2.V22.Test\Tyuiu.OvsepyanAA.Sprint6.Task2.V22.Test.csproj", "{D129FEAF-3828-451A-95F4-546938E76EB7}"
EndProject
Project("{9A19103F-16F7-4668-BE54-9A1E7A4F7556}") = "Tyuiu.OvsepyanAA.Sprint6.Task2.V22", "Tyuiu.OvsepyanAA.Sprint6.Task2.V22\Tyuiu.OvsepyanAA.Sprint6.Task2.V22.csproj", "{5CA2C3E9-8A22-4802-B39B-494A9EA6D8AC}"
EndProject
Project("{2150E333-8FDC-42A3-9474-1A3956D46DE8}") = "Task3", "Task3", "{292133F3-845A-4E06-A215-9DB9A73D5CD7}"
EndProject
Project("{9A19103F-16F7-4668-BE54-9A1E7A4F7556}") = "Tyuiu.OvsepyanAA.Sprint6.Task3.V21.Lib", "Tyuiu.OvsepyanAA.Sprint6.Task3.V21.Lib\Tyuiu.OvsepyanAA.Sprint6.Task3.V21.Lib.csproj", "{72ECD041-3D5C-4B5B-B8DC-145E956310E0}"
EndProject
Project("{9A19103F-16F7-4668-BE54-9A1E7A4F7556}") = "Tyuiu.OvsepyanAA.Sprint6.Task3.V21.Test", "Tyuiu.OvsepyanAA.Sprint6.Task3.V21.Test\Tyuiu.OvsepyanAA.Sprint6.Task3.V21.Test.csproj", "{FD4DD689-C672-4543-86EE-DBB96B486FCE}"
EndProject
Project("{9A19103F-16F7-4668-BE54-9A1E7A4F7556}") = "Tyuiu.OvsepyanAA.Sprint6.Task3.V21", "Tyuiu.OvsepyanAA.Sprint6.Task3.V21\Tyuiu.OvsepyanAA.Sprint6.Task3.V21.csproj", "{C792D54D-7592-4762-A46C-5F919D8E7B10}"
EndProject
Project("{2150E333-8FDC-42A3-9474-1A3956D46DE8}") = "Task4", "Task4", "{9BDB2D39-49AD-46D7-9EDC-49AE8B816744}"
EndProject
Project("{9A19103F-16F7-4668-BE54-9A1E7A4F7556}") = "Tyuiu.OvsepyanAA.Sprint6.Task4.V10.Lib", "Tyuiu.OvsepyanAA.Sprint6.Task4.V10.Lib\Tyuiu.OvsepyanAA.Sprint6.Task4.V10.Lib.csproj", "{1FCFC6E3-0E67-40B2-A9E1-61B94E9EE89C}"
EndProject
Project("{9A19103F-16F7-4668-BE54-9A1E7A4F7556}") = "Tyuiu.OvsepyanAA.Sprint6.Task4.V10.Test", "Tyuiu.OvsepyanAA.Sprint6.Task4.V10.Test\Tyuiu.OvsepyanAA.Sprint6.Task4.V10.Test.csproj", "{1E0C6F4A-A21D-4F33-9F2F-D0F852AAB669}"
EndProject
Project("{9A19103F-16F7-4668-BE54-9A1E7A4F7556}") = "Tyuiu.OvsepyanAA.Sprint6.Task4.V10", "Tyuiu.OvsepyanAA.Sprint6.Task4.V10\Tyuiu.OvsepyanAA.Sprint6.Task4.V10.csproj", "{29AA2B24-EC51-49ED-8D3A-AEEC9D990452}"
EndProject
Project("{2150E333-8FDC-42A3-9474-1A3956D46DE8}") = "Task5", "Task5", "{73446E47-AEDB-4CB0-92C7-0FBC3CFDF4FB}"
EndProject
Project("{9A19103F-16F7-4668-BE54-9A1E7A4F7556}") = "Tyuiu.OvsepyanAA.Sprint6.Task5.V24.Lib", "Tyuiu.OvsepyanAA.Sprint6.Task5.V24.Lib\Tyuiu.OvsepyanAA.Sprint6.Task5.V24.Lib.csproj", "{5FEB24AC-6C72-4783-BB4E-30216E5407F7}"
EndProject
Project("{9A19103F-16F7-4668-BE54-9A1E7A4F7556}") = "Tyuiu.OvsepyanAA.Sprint6.Task5.V24.Test", "Tyuiu.OvsepyanAA.Sprint6.Task5.V24.Test\Tyuiu.OvsepyanAA.Sprint6.Task5.V24.Test.csproj", "{44C178C1-ABA9-484C-9A2C-0140FC6AB83C}"
EndProject
Project("{9A19103F-16F7-4668-BE54-9A1E7A4F7556}") = "Tyuiu.OvsepyanAA.Sprint6.Task5.V24", "Tyuiu.OvsepyanAA.Sprint6.Task5.V24\Tyuiu.OvsepyanAA.Sprint6.Task5.V24.csproj", "{39E5BBD5-24D4-420C-8B25-9A3DAB6D4CEE}"
EndProject
Project("{2150E333-8FDC-42A3-9474-1A3956D46DE8}") = "Task6", "Task6", "{5725D48E-9DB4-41C9-8EDF-128D55C9B99B}"
EndProject
Project("{9A19103F-16F7-4668-BE54-9A1E7A4F7556}") = "Tyuiu.OvsepyanAA.Sprint6.Task6.V20.Lib", "Tyuiu.OvsepyanAA.Sprint6.Task6.V20.Lib\Tyuiu.OvsepyanAA.Sprint6.Task6.V20.Lib.csproj", "{FAD4D3BC-3CEA-406C-BCDE-46B77702B768}"
EndProject
Project("{9A19103F-16F7-4668-BE54-9A1E7A4F7556}") = "Tyuiu.OvsepyanAA.Sprint6.Task6.V20.Test", "Tyuiu.OvsepyanAA.Sprint6.Task6.V20.Test\Tyuiu.OvsepyanAA.Sprint6.Task6.V20.Test.csproj", "{2F6BA0D0-1278-4A1F-936E-0DD95DC8F954}"
EndProject
Project("{FAE04EC0-301F-11D3-BF4B-00C04F79EFBC}") = "Tyuiu.OvsepyanAA.Sprint6.Task6.V20", "Tyuiu.OvsepyanAA.Sprint6.Task6.V20\Tyuiu.OvsepyanAA.Sprint6.Task6.V20.csproj", "{07CDD56D-0C52-47F2-8DD8-6FA3083FBC52}"
EndProject
Global
	GlobalSection(SolutionConfigurationPlatforms) = preSolution
		Debug|Any CPU = Debug|Any CPU
		Release|Any CPU = Release|Any CPU
	EndGlobalSection
	GlobalSection(ProjectConfigurationPlatforms) = postSolution
		{84AA5BD5-6EFC-4FF6-8AE9-CC6CDF56963F}.Debug|Any CPU.ActiveCfg = Debug|Any CPU
		{84AA5BD5-6EFC-4FF6-8AE9-CC6CDF56963F}.Debug|Any CPU.Build.0 = Debug|Any CPU
		{84AA5BD5-6EFC-4FF6-8AE9-CC6CDF56963F}.Release|Any CPU.ActiveCfg = Release|Any CPU
		{84AA5BD5-6EFC-4FF6-8AE9-CC6CDF56963F}.Release|Any CPU.Build.0 = Release|Any CPU
		{D07F595D-6324-4872-8CF5-6CA8A36B9F50}.Debug|Any CPU.ActiveCfg = Debug|Any CPU
		{D07F595D-6324-4872-8CF5-6CA8A36B9F50}.Debug|Any CPU.Build.0 = Debug|Any CPU
		{D07F595D-6324-4872-8CF5-6CA8A36B9F50}.Release|Any CPU.ActiveCfg = Release|Any CPU
		{D07F595D-6324-4872-8CF5-6CA8A36B9F50}.Release|Any CPU.Build.0 = Release|Any CPU
		{DC13D6FF-B6D1-4498-8767-8A5BDB0A2542}.Debug|Any CPU.ActiveCfg = Debug|Any CPU
		{DC13D6FF-B6D1-4498-8767-8A5BDB0A2542}.Debug|Any CPU.Build.0 = Debug|Any CPU
		{DC13D6FF-B6D1-4498-8767-8A5BDB0A2542}.Release|Any CPU.ActiveCfg = Release|Any CPU
		{DC13D6FF-B6D1-4498-8767-8A5BDB0A2542}.Release|Any CPU.Build.0 = Release|Any CPU
		{82D37146-714E-444C-921F-4C393B635F96}.Debug|Any CPU.ActiveCfg = Debug|Any CPU
		{82D37146-714E-444C-921F-4C393B635F96}.Debug|Any CPU.Build.0 = Debug|Any CPU
		{82D37146-714E-444C-921F-4C393B635F96}.Release|Any CPU.ActiveCfg = Release|Any CPU
		{82D37146-714E-444C-921F-4C393B635F96}.Release|Any CPU.Build.0 = Release|Any CPU
		{41CF6026-7D16-4CA5-A5C3-B2E3953A43FA}.Debug|Any CPU.ActiveCfg = Debug|Any CPU
		{41CF6026-7D16-4CA5-A5C3-B2E3953A43FA}.Debug|Any CPU.Build.0 = Debug|Any CPU
		{41CF6026-7D16-4CA5-A5C3-B2E3953A43FA}.Release|Any CPU.ActiveCfg = Release|Any CPU
		{41CF6026-7D16-4CA5-A5C3-B2E3953A43FA}.Release|Any CPU.Build.0 = Release|Any CPU
		{96766EAB-58CC-4D47-BF0F-B511679B3A59}.Debug|Any CPU.ActiveCfg = Debug|Any CPU
		{96766EAB-58CC-4D47-BF0F-B511679B3A59}.Debug|Any CPU.Build.0 = Debug|Any CPU
		{96766EAB-58CC-4D47-BF0F-B511679B3A59}.Release|Any CPU.ActiveCfg = Release|Any CPU
		{96766EAB-58CC-4D47-BF0F-B511679B3A59}.Release|Any CPU.Build.0 = Release|Any CPU
		{C5D0CDC7-30C7-49E4-BA11-76106AEBFA61}.Debug|Any CPU.ActiveCfg = Debug|Any CPU
		{C5D0CDC7-30C7-49E4-BA11-76106AEBFA61}.Debug|Any CPU.Build.0 = Debug|Any CPU
		{C5D0CDC7-30C7-49E4-BA11-76106AEBFA61}.Release|Any CPU.ActiveCfg = Release|Any CPU
		{C5D0CDC7-30C7-49E4-BA11-76106AEBFA61}.Release|Any CPU.Build.0 = Release|Any CPU
		{D129FEAF-3828-451A-95F4-546938E76EB7}.Debug|Any CPU.ActiveCfg = Debug|Any CPU
		{D129FEAF-3828-451A-95F4-546938E76EB7}.Debug|Any CPU.Build.0 = Debug|Any CPU
		{D129FEAF-3828-451A-95F4-546938E76EB7}.Release|Any CPU.ActiveCfg = Release|Any CPU
		{D129FEAF-3828-451A-95F4-546938E76EB7}.Release|Any CPU.Build.0 = Release|Any CPU
		{5CA2C3E9-8A22-4802-B39B-494A9EA6D8AC}.Debug|Any CPU.ActiveCfg = Debug|Any CPU
		{5CA2C3E9-8A22-4802-B39B-494A9EA6D8AC}.Debug|Any CPU.Build.0 = Debug|Any CPU
		{5CA2C3E9-8A22-4802-B39B-494A9EA6D8AC}.Release|Any CPU.ActiveCfg = Release|Any CPU
		{5CA2C3E9-8A22-4802-B39B-494A9EA6D8AC}.Release|Any CPU.Build.0 = Release|Any CPU
		{72ECD041-3D5C-4B5B-B8DC-145E956310E0}.Debug|Any CPU.ActiveCfg = Debug|Any CPU
		{72ECD041-3D5C-4B5B-B8DC-145E956310E0}.Debug|Any CPU.Build.0 = Debug|Any CPU
		{72ECD041-3D5C-4B5B-B8DC-145E956310E0}.Release|Any CPU.ActiveCfg = Release|Any CPU
		{72ECD041-3D5C-4B5B-B8DC-145E956310E0}.Release|Any CPU.Build.0 = Release|Any CPU
		{FD4DD689-C672-4543-86EE-DBB96B486FCE}.Debug|Any CPU.ActiveCfg = Debug|Any CPU
		{FD4DD689-C672-4543-86EE-DBB96B486FCE}.Debug|Any CPU.Build.0 = Debug|Any CPU
		{FD4DD689-C672-4543-86EE-DBB96B486FCE}.Release|Any CPU.ActiveCfg = Release|Any CPU
		{FD4DD689-C672-4543-86EE-DBB96B486FCE}.Release|Any CPU.Build.0 = Release|Any CPU
		{C792D54D-7592-4762-A46C-5F919D8E7B10}.Debug|Any CPU.ActiveCfg = Debug|Any CPU
		{C792D54D-7592-4762-A46C-5F919D8E7B10}.Debug|Any CPU.Build.0 = Debug|Any CPU
		{C792D54D-7592-4762-A46C-5F919D8E7B10}.Release|Any CPU.ActiveCfg = Release|Any CPU
		{C792D54D-7592-4762-A46C-5F919D8E7B10}.Release|Any CPU.Build.0 = Release|Any CPU
		{1FCFC6E3-0E67-40B2-A9E1-61B94E9EE89C}.Debug|Any CPU.ActiveCfg = Debug|Any CPU
		{1FCFC6E3-0E67-40B2-A9E1-61B94E9EE89C}.Debug|Any CPU.Build.0 = Debug|Any CPU
		{1FCFC6E3-0E67-40B2-A9E1-61B94E9EE89C}.Release|Any CPU.ActiveCfg = Release|Any CPU
		{1FCFC6E3-0E67-40B2-A9E1-61B94E9EE89C}.Release|Any CPU.Build.0 = Release|Any CPU
		{1E0C6F4A-A21D-4F33-9F2F-D0F852AAB669}.Debug|Any CPU.ActiveCfg = Debug|Any CPU
		{1E0C6F4A-A21D-4F33-9F2F-D0F852AAB669}.Debug|Any CPU.Build.0 = Debug|Any CPU
		{1E0C6F4A-A21D-4F33-9F2F-D0F852AAB669}.Release|Any CPU.ActiveCfg = Release|Any CPU
		{1E0C6F4A-A21D-4F33-9F2F-D0F852AAB669}.Release|Any CPU.Build.0 = Release|Any CPU
		{29AA2B24-EC51-49ED-8D3A-AEEC9D990452}.Debug|Any CPU.ActiveCfg = Debug|Any CPU
		{29AA2B24-EC51-49ED-8D3A-AEEC9D990452}.Debug|Any CPU.Build.0 = Debug|Any CPU
		{29AA2B24-EC51-49ED-8D3A-AEEC9D990452}.Release|Any CPU.ActiveCfg = Release|Any CPU
		{29AA2B24-EC51-49ED-8D3A-AEEC9D990452}.Release|Any CPU.Build.0 = Release|Any CPU
		{5FEB24AC-6C72-4783-BB4E-30216E5407F7}.Debug|Any CPU.ActiveCfg = Debug|Any CPU
		{5FEB24AC-6C72-4783-BB4E-30216E5407F7}.Debug|Any CPU.Build.0 = Debug|Any CPU
		{5FEB24AC-6C72-4783-BB4E-30216E5407F7}.Release|Any CPU.ActiveCfg = Release|Any CPU
		{5FEB24AC-6C72-4783-BB4E-30216E5407F7}.Release|Any CPU.Build.0 = Release|Any CPU
		{44C178C1-ABA9-484C-9A2C-0140FC6AB83C}.Debug|Any CPU.ActiveCfg = Debug|Any CPU
		{44C178C1-ABA9-484C-9A2C-0140FC6AB83C}.Debug|Any CPU.Build.0 = Debug|Any CPU
		{44C178C1-ABA9-484C-9A2C-0140FC6AB83C}.Release|Any CPU.ActiveCfg = Release|Any CPU
		{44C178C1-ABA9-484C-9A2C-0140FC6AB83C}.Release|Any CPU.Build.0 = Release|Any CPU
		{39E5BBD5-24D4-420C-8B25-9A3DAB6D4CEE}.Debug|Any CPU.ActiveCfg = Debug|Any CPU
		{39E5BBD5-24D4-420C-8B25-9A3DAB6D4CEE}.Debug|Any CPU.Build.0 = Debug|Any CPU
		{39E5BBD5-24D4-420C-8B25-9A3DAB6D4CEE}.Release|Any CPU.ActiveCfg = Release|Any CPU
		{39E5BBD5-24D4-420C-8B25-9A3DAB6D4CEE}.Release|Any CPU.Build.0 = Release|Any CPU
		{FAD4D3BC-3CEA-406C-BCDE-46B77702B768}.Debug|Any CPU.ActiveCfg = Debug|Any CPU
		{FAD4D3BC-3CEA-406C-BCDE-46B77702B768}.Debug|Any CPU.Build.0 = Debug|Any CPU
		{FAD4D3BC-3CEA-406C-BCDE-46B77702B768}.Release|Any CPU.ActiveCfg = Release|Any CPU
		{FAD4D3BC-3CEA-406C-BCDE-46B77702B768}.Release|Any CPU.Build.0 = Release|Any CPU
		{2F6BA0D0-1278-4A1F-936E-0DD95DC8F954}.Debug|Any CPU.ActiveCfg = Debug|Any CPU
		{2F6BA0D0-1278-4A1F-936E-0DD95DC8F954}.Debug|Any CPU.Build.0 = Debug|Any CPU
		{2F6BA0D0-1278-4A1F-936E-0DD95DC8F954}.Release|Any CPU.ActiveCfg = Release|Any CPU
		{2F6BA0D0-1278-4A1F-936E-0DD95DC8F954}.Release|Any CPU.Build.0 = Release|Any CPU
		{07CDD56D-0C52-47F2-8DD8-6FA3083FBC52}.Debug|Any CPU.ActiveCfg = Debug|Any CPU
		{07CDD56D-0C52-47F2-8DD8-6FA3083FBC52}.Debug|Any CPU.Build.0 = Debug|Any CPU
		{07CDD56D-0C52-47F2-8DD8-6FA3083FBC52}.Release|Any CPU.ActiveCfg = Release|Any CPU
		{07CDD56D-0C52-47F2-8DD8-6FA3083FBC52}.Release|Any CPU.Build.0 = Release|Any CPU
	EndGlobalSection
	GlobalSection(SolutionProperties) = preSolution
		HideSolutionNode = FALSE
	EndGlobalSection
	GlobalSection(NestedProjects) = preSolution
		{84AA5BD5-6EFC-4FF6-8AE9-CC6CDF56963F} = {DC6DCB86-9BCD-4E4B-B5D6-ABC7120803DB}
		{D07F595D-6324-4872-8CF5-6CA8A36B9F50} = {DC6DCB86-9BCD-4E4B-B5D6-ABC7120803DB}
		{DC13D6FF-B6D1-4498-8767-8A5BDB0A2542} = {DC6DCB86-9BCD-4E4B-B5D6-ABC7120803DB}
		{82D37146-714E-444C-921F-4C393B635F96} = {E5239724-45D6-4520-9D53-4A045FDAC169}
		{41CF6026-7D16-4CA5-A5C3-B2E3953A43FA} = {E5239724-45D6-4520-9D53-4A045FDAC169}
		{96766EAB-58CC-4D47-BF0F-B511679B3A59} = {E5239724-45D6-4520-9D53-4A045FDAC169}
		{C5D0CDC7-30C7-49E4-BA11-76106AEBFA61} = {94AE09FA-09F5-432C-B9DF-F06B34163A30}
		{D129FEAF-3828-451A-95F4-546938E76EB7} = {94AE09FA-09F5-432C-B9DF-F06B34163A30}
		{5CA2C3E9-8A22-4802-B39B-494A9EA6D8AC} = {94AE09FA-09F5-432C-B9DF-F06B34163A30}
		{72ECD041-3D5C-4B5B-B8DC-145E956310E0} = {292133F3-845A-4E06-A215-9DB9A73D5CD7}
		{FD4DD689-C672-4543-86EE-DBB96B486FCE} = {292133F3-845A-4E06-A215-9DB9A73D5CD7}
		{C792D54D-7592-4762-A46C-5F919D8E7B10} = {292133F3-845A-4E06-A215-9DB9A73D5CD7}
		{1FCFC6E3-0E67-40B2-A9E1-61B94E9EE89C} = {9BDB2D39-49AD-46D7-9EDC-49AE8B816744}
		{1E0C6F4A-A21D-4F33-9F2F-D0F852AAB669} = {9BDB2D39-49AD-46D7-9EDC-49AE8B816744}
		{29AA2B24-EC51-49ED-8D3A-AEEC9D990452} = {9BDB2D39-49AD-46D7-9EDC-49AE8B816744}
		{5FEB24AC-6C72-4783-BB4E-30216E5407F7} = {73446E47-AEDB-4CB0-92C7-0FBC3CFDF4FB}
		{44C178C1-ABA9-484C-9A2C-0140FC6AB83C} = {73446E47-AEDB-4CB0-92C7-0FBC3CFDF4FB}
		{39E5BBD5-24D4-420C-8B25-9A3DAB6D4CEE} = {73446E47-AEDB-4CB0-92C7-0FBC3CFDF4FB}
		{FAD4D3BC-3CEA-406C-BCDE-46B77702B768} = {5725D48E-9DB4-41C9-8EDF-128D55C9B99B}
		{2F6BA0D0-1278-4A1F-936E-0DD95DC8F954} = {5725D48E-9DB4-41C9-8EDF-128D55C9B99B}
	EndGlobalSection
	GlobalSection(ExtensibilityGlobals) = postSolution
		SolutionGuid = {8A7015BE-0F9C-43BA-BCAC-3824703AE68C}
	EndGlobalSection
EndGlobal
